// !$*UTF8*$!
{
	archiveVersion = 1;
	classes = {
	};
	objectVersion = 46;
	objects = {

/* Begin PBXBuildFile section */
		2F7D3B221E3FCEE90068D19D /* main.swift in Sources */ = {isa = PBXBuildFile; fileRef = 2F7D3B211E3FCEE90068D19D /* main.swift */; };
/* End PBXBuildFile section */

/* Begin PBXCopyFilesBuildPhase section */
		2F7D3B1C1E3FCEE90068D19D /* CopyFiles */ = {
			isa = PBXCopyFilesBuildPhase;
			buildActionMask = 2147483647;
			dstPath = /usr/share/man/man1/;
			dstSubfolderSpec = 0;
			files = (
			);
			runOnlyForDeploymentPostprocessing = 1;
		};
/* End PBXCopyFilesBuildPhase section */

/* Begin PBXFileReference section */
		2F7D3B1E1E3FCEE90068D19D /* SolarMonthlyData */ = {isa = PBXFileReference; explicitFileType = "compiled.mach-o.executable"; includeInIndex = 0; path = SolarMonthlyData; sourceTree = BUILT_PRODUCTS_DIR; };
		2F7D3B211E3FCEE90068D19D /* main.swift */ = {isa = PBXFileReference; lastKnownFileType = sourcecode.swift; path = main.swift; sourceTree = "<group>"; };
/* End PBXFileReference section */

/* Begin PBXFrameworksBuildPhase section */
		2F7D3B1B1E3FCEE90068D19D /* Frameworks */ = {
			isa = PBXFrameworksBuildPhase;
			buildActionMask = 2147483647;
			files = (
			);
			runOnlyForDeploymentPostprocessing = 0;
		};
/* End PBXFrameworksBuildPhase section */

/* Begin PBXGroup section */
		2F7D3B151E3FCEE90068D19D = {
			isa = PBXGroup;
			children = (
				2F7D3B201E3FCEE90068D19D /* SolarMonthlyData */,
				2F7D3B1F1E3FCEE90068D19D /* Products */,
			);
			sourceTree = "<group>";
		};
		2F7D3B1F1E3FCEE90068D19D /* Products */ = {
			isa = PBXGroup;
			children = (
				2F7D3B1E1E3FCEE90068D19D /* SolarMonthlyData */,
			);
			name = Products;
			sourceTree = "<group>";
		};
		2F7D3B201E3FCEE90068D19D /* SolarMonthlyData */ = {
			isa = PBXGroup;
			children = (
				2F7D3B211E3FCEE90068D19D /* main.swift */,
			);
			path = SolarMonthlyData;
			sourceTree = "<group>";
		};
/* End PBXGroup section */

/* Begin PBXNativeTarget section */
		2F7D3B1D1E3FCEE90068D19D /* SolarMonthlyData */ = {
			isa = PBXNativeTarget;
			buildConfigurationList = 2F7D3B251E3FCEE90068D19D /* Build configuration list for PBXNativeTarget "SolarMonthlyData" */;
			buildPhases = (
				2F7D3B1A1E3FCEE90068D19D /* Sources */,
				2F7D3B1B1E3FCEE90068D19D /* Frameworks */,
				2F7D3B1C1E3FCEE90068D19D /* CopyFiles */,
			);
			buildRules = (
			);
			dependencies = (
			);
			name = SolarMonthlyData;
			productName = SolarMonthlyData;
			productReference = 2F7D3B1E1E3FCEE90068D19D /* SolarMonthlyData */;
			productType = "com.apple.product-type.tool";
		};
/* End PBXNativeTarget section */

/* Begin PBXProject section */
		2F7D3B161E3FCEE90068D19D /* Project object */ = {
			isa = PBXProject;
			attributes = {
				LastSwiftUpdateCheck = 0730;
				LastUpgradeCheck = 0730;
				ORGANIZATIONNAME = "Eddie Ceausu";
				TargetAttributes = {
					2F7D3B1D1E3FCEE90068D19D = {
						CreatedOnToolsVersion = 7.3.1;
					};
				};
			};
			buildConfigurationList = 2F7D3B191E3FCEE90068D19D /* Build configuration list for PBXProject "SolarMonthlyData" */;
			compatibilityVersion = "Xcode 3.2";
			developmentRegion = English;
			hasScannedForEncodings = 0;
			knownRegions = (
				en,
			);
			mainGroup = 2F7D3B151E3FCEE90068D19D;
			productRefGroup = 2F7D3B1F1E3FCEE90068D19D /* Products */;
			projectDirPath = "";
			projectRoot = "";
			targets = (
				2F7D3B1D1E3FCEE90068D19D /* SolarMonthlyData */,
			);
		};
/* End PBXProject section */

/* Begin PBXSourcesBuildPhase section */
		2F7D3B1A1E3FCEE90068D19D /* Sources */ = {
			isa = PBXSourcesBuildPhase;
			buildActionMask = 2147483647;
			files = (
				2F7D3B221E3FCEE90068D19D /* main.swift in Sources */,
			);
			runOnlyForDeploymentPostprocessing = 0;
		};
/* End PBXSourcesBuildPhase section */

/* Begin XCBuildConfiguration section */
		2F7D3B231E3FCEE90068D19D /* Debug */ = {
			isa = XCBuildConfiguration;
			buildSettings = {
				ALWAYS_SEARCH_USER_PATHS = NO;
				CLANG_ANALYZER_NONNULL = YES;
				CLANG_CXX_LANGUAGE_STANDARD = "gnu++0x";
				CLANG_CXX_LIBRARY = "libc++";
				CLANG_ENABLE_MODULES = YES;
				CLANG_ENABLE_OBJC_ARC = YES;
				CLANG_WARN_BOOL_CONVERSION = YES;
				CLANG_WARN_CONSTANT_CONVERSION = YES;
				CLANG_WARN_DIRECT_OBJC_ISA_USAGE = YES_ERROR;
				CLANG_WARN_EMPTY_BODY = YES;
				CLANG_WARN_ENUM_CONVERSION = YES;
				CLANG_WARN_INT_CONVERSION = YES;
				CLANG_WARN_OBJC_ROOT_CLASS = YES_ERROR;
				CLANG_WARN_UNREACHABLE_CODE = YES;
				CLANG_WARN__DUPLICATE_METHOD_MATCH = YES;
				CODE_SIGN_IDENTITY = "-";
				COPY_PHASE_STRIP = NO;
				DEBUG_INFORMATION_FORMAT = dwarf;
				ENABLE_STRICT_OBJC_MSGSEND = YES;
				ENABLE_TESTABILITY = YES;
				GCC_C_LANGUAGE_STANDARD = gnu99;
				GCC_DYNAMIC_NO_PIC = NO;
				GCC_NO_COMMON_BLOCKS = YES;
				GCC_OPTIMIZATION_LEVEL = 0;
				GCC_PREPROCESSOR_DEFINITIONS = (
					"DEBUG=1",
					"$(inherited)",
				);
				GCC_WARN_64_TO_32_BIT_CONVERSION = YES;
				GCC_WARN_ABOUT_RETURN_TYPE = YES_ERROR;
				GCC_WARN_UNDECLARED_SELECTOR = YES;
				GCC_WARN_UNINITIALIZED_AUTOS = YES_AGGRESSIVE;
				GCC_WARN_UNUSED_FUNCTION = YES;
				GCC_WARN_UNUSED_VARIABLE = YES;
				MACOSX_DEPLOYMENT_TARGET = 10.11;
				MTL_ENABLE_DEBUG_INFO = YES;
				ONLY_ACTIVE_ARCH = YES;
				SDKROOT = macosx;
				SWIFT_OPTIMIZATION_LEVEL = "-Onone";
			};
			name = Debug;
		};
		2F7D3B241E3FCEE90068D19D /* Release */ = {
			isa = XCBuildConfiguration;
			buildSettings = {
				ALWAYS_SEARCH_USER_PATHS = NO;
				CLANG_ANALYZER_NONNULL = YES;
				CLANG_CXX_LANGUAGE_STANDARD = "gnu++0x";
				CLANG_CXX_LIBRARY = "libc++";
				CLANG_ENABLE_MODULES = YES;
				CLANG_ENABLE_OBJC_ARC = YES;
				CLANG_WARN_BOOL_CONVERSION = YES;
				CLANG_WARN_CONSTANT_CONVERSION = YES;
				CLANG_WARN_DIRECT_OBJC_ISA_USAGE = YES_ERROR;
				CLANG_WARN_EMPTY_BODY = YES;
				CLANG_WARN_ENUM_CONVERSION = YES;
				CLANG_WARN_INT_CONVERSION = YES;
				CLANG_WARN_OBJC_ROOT_CLASS = YES_ERROR;
				CLANG_WARN_UNREACHABLE_CODE = YES;
				CLANG_WARN__DUPLICATE_METHOD_MATCH = YES;
				CODE_SIGN_IDENTITY = "-";
				COPY_PHASE_STRIP = NO;
				DEBUG_INFORMATION_FORMAT = "dwarf-with-dsym";
				ENABLE_NS_ASSERTIONS = NO;
				ENABLE_STRICT_OBJC_MSGSEND = YES;
				GCC_C_LANGUAGE_STANDARD = gnu99;
				GCC_NO_COMMON_BLOCKS = YES;
				GCC_WARN_64_TO_32_BIT_CONVERSION = YES;
				GCC_WARN_ABOUT_RETURN_TYPE = YES_ERROR;
				GCC_WARN_UNDECLARED_SELECTOR = YES;
				GCC_WARN_UNINITIALIZED_AUTOS = YES_AGGRESSIVE;
				GCC_WARN_UNUSED_FUNCTION = YES;
				GCC_WARN_UNUSED_VARIABLE = YES;
				MACOSX_DEPLOYMENT_TARGET = 10.11;
				MTL_ENABLE_DEBUG_INFO = NO;
				SDKROOT = macosx;
			};
			name = Release;
		};
		2F7D3B261E3FCEE90068D19D /* Debug */ = {
			isa = XCBuildConfiguration;
			buildSettings = {
				PRODUCT_NAME = "$(TARGET_NAME)";
			};
			name = Debug;
		};
		2F7D3B271E3FCEE90068D19D /* Release */ = {
			isa = XCBuildConfiguration;
			buildSettings = {
				PRODUCT_NAME = "$(TARGET_NAME)";
			};
			name = Release;
		};
/* End XCBuildConfiguration section */

/* Begin XCConfigurationList section */
		2F7D3B191E3FCEE90068D19D /* Build configuration list for PBXProject "SolarMonthlyData" */ = {
			isa = XCConfigurationList;
			buildConfigurations = (
				2F7D3B231E3FCEE90068D19D /* Debug */,
				2F7D3B241E3FCEE90068D19D /* Release */,
			);
			defaultConfigurationIsVisible = 0;
			defaultConfigurationName = Release;
		};
		2F7D3B251E3FCEE90068D19D /* Build configuration list for PBXNativeTarget "SolarMonthlyData" */ = {
			isa = XCConfigurationList;
			buildConfigurations = (
				2F7D3B261E3FCEE90068D19D /* Debug */,
				2F7D3B271E3FCEE90068D19D /* Release */,
			);
			defaultConfigurationIsVisible = 0;
		};
/* End XCConfigurationList section */
	};
	rootObject = 2F7D3B161E3FCEE90068D19D /* Project object */;
}
