// !$*UTF8*$!
{
	archiveVersion = 1;
	classes = {
	};
	objectVersion = 48;
	objects = {

/* Begin PBXBuildFile section */
		2FD2BAD21F7C9C63004B0BB0 /* AppDelegate.swift in Sources */ = {isa = PBXBuildFile; fileRef = 2FD2BAD11F7C9C63004B0BB0 /* AppDelegate.swift */; };
		2FD2BAD41F7C9C63004B0BB0 /* ViewController.swift in Sources */ = {isa = PBXBuildFile; fileRef = 2FD2BAD31F7C9C63004B0BB0 /* ViewController.swift */; };
		2FD2BAD61F7C9C63004B0BB0 /* Assets.xcassets in Resources */ = {isa = PBXBuildFile; fileRef = 2FD2BAD51F7C9C63004B0BB0 /* Assets.xcassets */; };
		2FD2BAD91F7C9C63004B0BB0 /* Main.storyboard in Resources */ = {isa = PBXBuildFile; fileRef = 2FD2BAD71F7C9C63004B0BB0 /* Main.storyboard */; };
		2FD2BAE51F7C9C63004B0BB0 /* Gregs_ButtonTests.swift in Sources */ = {isa = PBXBuildFile; fileRef = 2FD2BAE41F7C9C63004B0BB0 /* Gregs_ButtonTests.swift */; };
		2FD2BAF01F7C9C63004B0BB0 /* Gregs_ButtonUITests.swift in Sources */ = {isa = PBXBuildFile; fileRef = 2FD2BAEF1F7C9C63004B0BB0 /* Gregs_ButtonUITests.swift */; };
/* End PBXBuildFile section */

/* Begin PBXContainerItemProxy section */
		2FD2BAE11F7C9C63004B0BB0 /* PBXContainerItemProxy */ = {
			isa = PBXContainerItemProxy;
			containerPortal = 2FD2BAC61F7C9C63004B0BB0 /* Project object */;
			proxyType = 1;
			remoteGlobalIDString = 2FD2BACD1F7C9C63004B0BB0;
			remoteInfo = "Gregs Button";
		};
		2FD2BAEC1F7C9C63004B0BB0 /* PBXContainerItemProxy */ = {
			isa = PBXContainerItemProxy;
			containerPortal = 2FD2BAC61F7C9C63004B0BB0 /* Project object */;
			proxyType = 1;
			remoteGlobalIDString = 2FD2BACD1F7C9C63004B0BB0;
			remoteInfo = "Gregs Button";
		};
/* End PBXContainerItemProxy section */

/* Begin PBXFileReference section */
		2FD2BACE1F7C9C63004B0BB0 /* Gregs Button.app */ = {isa = PBXFileReference; explicitFileType = wrapper.application; includeInIndex = 0; path = "Gregs Button.app"; sourceTree = BUILT_PRODUCTS_DIR; };
		2FD2BAD11F7C9C63004B0BB0 /* AppDelegate.swift */ = {isa = PBXFileReference; lastKnownFileType = sourcecode.swift; path = AppDelegate.swift; sourceTree = "<group>"; };
		2FD2BAD31F7C9C63004B0BB0 /* ViewController.swift */ = {isa = PBXFileReference; lastKnownFileType = sourcecode.swift; path = ViewController.swift; sourceTree = "<group>"; };
		2FD2BAD51F7C9C63004B0BB0 /* Assets.xcassets */ = {isa = PBXFileReference; lastKnownFileType = folder.assetcatalog; path = Assets.xcassets; sourceTree = "<group>"; };
		2FD2BAD81F7C9C63004B0BB0 /* Base */ = {isa = PBXFileReference; lastKnownFileType = file.storyboard; name = Base; path = Base.lproj/Main.storyboard; sourceTree = "<group>"; };
		2FD2BADA1F7C9C63004B0BB0 /* Info.plist */ = {isa = PBXFileReference; lastKnownFileType = text.plist.xml; path = Info.plist; sourceTree = "<group>"; };
		2FD2BADB1F7C9C63004B0BB0 /* Gregs_Button.entitlements */ = {isa = PBXFileReference; lastKnownFileType = text.plist.entitlements; path = Gregs_Button.entitlements; sourceTree = "<group>"; };
		2FD2BAE01F7C9C63004B0BB0 /* Gregs ButtonTests.xctest */ = {isa = PBXFileReference; explicitFileType = wrapper.cfbundle; includeInIndex = 0; path = "Gregs ButtonTests.xctest"; sourceTree = BUILT_PRODUCTS_DIR; };
		2FD2BAE41F7C9C63004B0BB0 /* Gregs_ButtonTests.swift */ = {isa = PBXFileReference; lastKnownFileType = sourcecode.swift; path = Gregs_ButtonTests.swift; sourceTree = "<group>"; };
		2FD2BAE61F7C9C63004B0BB0 /* Info.plist */ = {isa = PBXFileReference; lastKnownFileType = text.plist.xml; path = Info.plist; sourceTree = "<group>"; };
		2FD2BAEB1F7C9C63004B0BB0 /* Gregs ButtonUITests.xctest */ = {isa = PBXFileReference; explicitFileType = wrapper.cfbundle; includeInIndex = 0; path = "Gregs ButtonUITests.xctest"; sourceTree = BUILT_PRODUCTS_DIR; };
		2FD2BAEF1F7C9C63004B0BB0 /* Gregs_ButtonUITests.swift */ = {isa = PBXFileReference; lastKnownFileType = sourcecode.swift; path = Gregs_ButtonUITests.swift; sourceTree = "<group>"; };
		2FD2BAF11F7C9C63004B0BB0 /* Info.plist */ = {isa = PBXFileReference; lastKnownFileType = text.plist.xml; path = Info.plist; sourceTree = "<group>"; };
/* End PBXFileReference section */

/* Begin PBXFrameworksBuildPhase section */
		2FD2BACB1F7C9C63004B0BB0 /* Frameworks */ = {
			isa = PBXFrameworksBuildPhase;
			buildActionMask = 2147483647;
			files = (
			);
			runOnlyForDeploymentPostprocessing = 0;
		};
		2FD2BADD1F7C9C63004B0BB0 /* Frameworks */ = {
			isa = PBXFrameworksBuildPhase;
			buildActionMask = 2147483647;
			files = (
			);
			runOnlyForDeploymentPostprocessing = 0;
		};
		2FD2BAE81F7C9C63004B0BB0 /* Frameworks */ = {
			isa = PBXFrameworksBuildPhase;
			buildActionMask = 2147483647;
			files = (
			);
			runOnlyForDeploymentPostprocessing = 0;
		};
/* End PBXFrameworksBuildPhase section */

/* Begin PBXGroup section */
		2FD2BAC51F7C9C63004B0BB0 = {
			isa = PBXGroup;
			children = (
				2FD2BAD01F7C9C63004B0BB0 /* Gregs Button */,
				2FD2BAE31F7C9C63004B0BB0 /* Gregs ButtonTests */,
				2FD2BAEE1F7C9C63004B0BB0 /* Gregs ButtonUITests */,
				2FD2BACF1F7C9C63004B0BB0 /* Products */,
			);
			sourceTree = "<group>";
		};
		2FD2BACF1F7C9C63004B0BB0 /* Products */ = {
			isa = PBXGroup;
			children = (
				2FD2BACE1F7C9C63004B0BB0 /* Gregs Button.app */,
				2FD2BAE01F7C9C63004B0BB0 /* Gregs ButtonTests.xctest */,
				2FD2BAEB1F7C9C63004B0BB0 /* Gregs ButtonUITests.xctest */,
			);
			name = Products;
			sourceTree = "<group>";
		};
		2FD2BAD01F7C9C63004B0BB0 /* Gregs Button */ = {
			isa = PBXGroup;
			children = (
				2FD2BAD11F7C9C63004B0BB0 /* AppDelegate.swift */,
				2FD2BAD31F7C9C63004B0BB0 /* ViewController.swift */,
				2FD2BAD51F7C9C63004B0BB0 /* Assets.xcassets */,
				2FD2BAD71F7C9C63004B0BB0 /* Main.storyboard */,
				2FD2BADA1F7C9C63004B0BB0 /* Info.plist */,
				2FD2BADB1F7C9C63004B0BB0 /* Gregs_Button.entitlements */,
			);
			path = "Gregs Button";
			sourceTree = "<group>";
		};
		2FD2BAE31F7C9C63004B0BB0 /* Gregs ButtonTests */ = {
			isa = PBXGroup;
			children = (
				2FD2BAE41F7C9C63004B0BB0 /* Gregs_ButtonTests.swift */,
				2FD2BAE61F7C9C63004B0BB0 /* Info.plist */,
			);
			path = "Gregs ButtonTests";
			sourceTree = "<group>";
		};
		2FD2BAEE1F7C9C63004B0BB0 /* Gregs ButtonUITests */ = {
			isa = PBXGroup;
			children = (
				2FD2BAEF1F7C9C63004B0BB0 /* Gregs_ButtonUITests.swift */,
				2FD2BAF11F7C9C63004B0BB0 /* Info.plist */,
			);
			path = "Gregs ButtonUITests";
			sourceTree = "<group>";
		};
/* End PBXGroup section */

/* Begin PBXNativeTarget section */
		2FD2BACD1F7C9C63004B0BB0 /* Gregs Button */ = {
			isa = PBXNativeTarget;
			buildConfigurationList = 2FD2BAF41F7C9C63004B0BB0 /* Build configuration list for PBXNativeTarget "Gregs Button" */;
			buildPhases = (
				2FD2BACA1F7C9C63004B0BB0 /* Sources */,
				2FD2BACB1F7C9C63004B0BB0 /* Frameworks */,
				2FD2BACC1F7C9C63004B0BB0 /* Resources */,
			);
			buildRules = (
			);
			dependencies = (
			);
			name = "Gregs Button";
			productName = "Gregs Button";
			productReference = 2FD2BACE1F7C9C63004B0BB0 /* Gregs Button.app */;
			productType = "com.apple.product-type.application";
		};
		2FD2BADF1F7C9C63004B0BB0 /* Gregs ButtonTests */ = {
			isa = PBXNativeTarget;
			buildConfigurationList = 2FD2BAF71F7C9C63004B0BB0 /* Build configuration list for PBXNativeTarget "Gregs ButtonTests" */;
			buildPhases = (
				2FD2BADC1F7C9C63004B0BB0 /* Sources */,
				2FD2BADD1F7C9C63004B0BB0 /* Frameworks */,
				2FD2BADE1F7C9C63004B0BB0 /* Resources */,
			);
			buildRules = (
			);
			dependencies = (
				2FD2BAE21F7C9C63004B0BB0 /* PBXTargetDependency */,
			);
			name = "Gregs ButtonTests";
			productName = "Gregs ButtonTests";
			productReference = 2FD2BAE01F7C9C63004B0BB0 /* Gregs ButtonTests.xctest */;
			productType = "com.apple.product-type.bundle.unit-test";
		};
		2FD2BAEA1F7C9C63004B0BB0 /* Gregs ButtonUITests */ = {
			isa = PBXNativeTarget;
			buildConfigurationList = 2FD2BAFA1F7C9C63004B0BB0 /* Build configuration list for PBXNativeTarget "Gregs ButtonUITests" */;
			buildPhases = (
				2FD2BAE71F7C9C63004B0BB0 /* Sources */,
				2FD2BAE81F7C9C63004B0BB0 /* Frameworks */,
				2FD2BAE91F7C9C63004B0BB0 /* Resources */,
			);
			buildRules = (
			);
			dependencies = (
				2FD2BAED1F7C9C63004B0BB0 /* PBXTargetDependency */,
			);
			name = "Gregs ButtonUITests";
			productName = "Gregs ButtonUITests";
			productReference = 2FD2BAEB1F7C9C63004B0BB0 /* Gregs ButtonUITests.xctest */;
			productType = "com.apple.product-type.bundle.ui-testing";
		};
/* End PBXNativeTarget section */

/* Begin PBXProject section */
		2FD2BAC61F7C9C63004B0BB0 /* Project object */ = {
			isa = PBXProject;
			attributes = {
				LastSwiftUpdateCheck = 0900;
				LastUpgradeCheck = 0900;
				ORGANIZATIONNAME = "Eddie Ceausu";
				TargetAttributes = {
					2FD2BACD1F7C9C63004B0BB0 = {
						CreatedOnToolsVersion = 9.0;
						ProvisioningStyle = Automatic;
					};
					2FD2BADF1F7C9C63004B0BB0 = {
						CreatedOnToolsVersion = 9.0;
						ProvisioningStyle = Automatic;
						TestTargetID = 2FD2BACD1F7C9C63004B0BB0;
					};
					2FD2BAEA1F7C9C63004B0BB0 = {
						CreatedOnToolsVersion = 9.0;
						ProvisioningStyle = Automatic;
						TestTargetID = 2FD2BACD1F7C9C63004B0BB0;
					};
				};
			};
			buildConfigurationList = 2FD2BAC91F7C9C63004B0BB0 /* Build configuration list for PBXProject "Gregs Button" */;
			compatibilityVersion = "Xcode 8.0";
			developmentRegion = en;
			hasScannedForEncodings = 0;
			knownRegions = (
				en,
				Base,
			);
			mainGroup = 2FD2BAC51F7C9C63004B0BB0;
			productRefGroup = 2FD2BACF1F7C9C63004B0BB0 /* Products */;
			projectDirPath = "";
			projectRoot = "";
			targets = (
				2FD2BACD1F7C9C63004B0BB0 /* Gregs Button */,
				2FD2BADF1F7C9C63004B0BB0 /* Gregs ButtonTests */,
				2FD2BAEA1F7C9C63004B0BB0 /* Gregs ButtonUITests */,
			);
		};
/* End PBXProject section */

/* Begin PBXResourcesBuildPhase section */
		2FD2BACC1F7C9C63004B0BB0 /* Resources */ = {
			isa = PBXResourcesBuildPhase;
			buildActionMask = 2147483647;
			files = (
				2FD2BAD61F7C9C63004B0BB0 /* Assets.xcassets in Resources */,
				2FD2BAD91F7C9C63004B0BB0 /* Main.storyboard in Resources */,
			);
			runOnlyForDeploymentPostprocessing = 0;
		};
		2FD2BADE1F7C9C63004B0BB0 /* Resources */ = {
			isa = PBXResourcesBuildPhase;
			buildActionMask = 2147483647;
			files = (
			);
			runOnlyForDeploymentPostprocessing = 0;
		};
		2FD2BAE91F7C9C63004B0BB0 /* Resources */ = {
			isa = PBXResourcesBuildPhase;
			buildActionMask = 2147483647;
			files = (
			);
			runOnlyForDeploymentPostprocessing = 0;
		};
/* End PBXResourcesBuildPhase section */

/* Begin PBXSourcesBuildPhase section */
		2FD2BACA1F7C9C63004B0BB0 /* Sources */ = {
			isa = PBXSourcesBuildPhase;
			buildActionMask = 2147483647;
			files = (
				2FD2BAD41F7C9C63004B0BB0 /* ViewController.swift in Sources */,
				2FD2BAD21F7C9C63004B0BB0 /* AppDelegate.swift in Sources */,
			);
			runOnlyForDeploymentPostprocessing = 0;
		};
		2FD2BADC1F7C9C63004B0BB0 /* Sources */ = {
			isa = PBXSourcesBuildPhase;
			buildActionMask = 2147483647;
			files = (
				2FD2BAE51F7C9C63004B0BB0 /* Gregs_ButtonTests.swift in Sources */,
			);
			runOnlyForDeploymentPostprocessing = 0;
		};
		2FD2BAE71F7C9C63004B0BB0 /* Sources */ = {
			isa = PBXSourcesBuildPhase;
			buildActionMask = 2147483647;
			files = (
				2FD2BAF01F7C9C63004B0BB0 /* Gregs_ButtonUITests.swift in Sources */,
			);
			runOnlyForDeploymentPostprocessing = 0;
		};
/* End PBXSourcesBuildPhase section */

/* Begin PBXTargetDependency section */
		2FD2BAE21F7C9C63004B0BB0 /* PBXTargetDependency */ = {
			isa = PBXTargetDependency;
			target = 2FD2BACD1F7C9C63004B0BB0 /* Gregs Button */;
			targetProxy = 2FD2BAE11F7C9C63004B0BB0 /* PBXContainerItemProxy */;
		};
		2FD2BAED1F7C9C63004B0BB0 /* PBXTargetDependency */ = {
			isa = PBXTargetDependency;
			target = 2FD2BACD1F7C9C63004B0BB0 /* Gregs Button */;
			targetProxy = 2FD2BAEC1F7C9C63004B0BB0 /* PBXContainerItemProxy */;
		};
/* End PBXTargetDependency section */

/* Begin PBXVariantGroup section */
		2FD2BAD71F7C9C63004B0BB0 /* Main.storyboard */ = {
			isa = PBXVariantGroup;
			children = (
				2FD2BAD81F7C9C63004B0BB0 /* Base */,
			);
			name = Main.storyboard;
			sourceTree = "<group>";
		};
/* End PBXVariantGroup section */

/* Begin XCBuildConfiguration section */
		2FD2BAF21F7C9C63004B0BB0 /* Debug */ = {
			isa = XCBuildConfiguration;
			buildSettings = {
				ALWAYS_SEARCH_USER_PATHS = NO;
				CLANG_ANALYZER_NONNULL = YES;
				CLANG_ANALYZER_NUMBER_OBJECT_CONVERSION = YES_AGGRESSIVE;
				CLANG_CXX_LANGUAGE_STANDARD = "gnu++14";
				CLANG_CXX_LIBRARY = "libc++";
				CLANG_ENABLE_MODULES = YES;
				CLANG_ENABLE_OBJC_ARC = YES;
				CLANG_WARN_BLOCK_CAPTURE_AUTORELEASING = YES;
				CLANG_WARN_BOOL_CONVERSION = YES;
				CLANG_WARN_COMMA = YES;
				CLANG_WARN_CONSTANT_CONVERSION = YES;
				CLANG_WARN_DIRECT_OBJC_ISA_USAGE = YES_ERROR;
				CLANG_WARN_DOCUMENTATION_COMMENTS = YES;
				CLANG_WARN_EMPTY_BODY = YES;
				CLANG_WARN_ENUM_CONVERSION = YES;
				CLANG_WARN_INFINITE_RECURSION = YES;
				CLANG_WARN_INT_CONVERSION = YES;
				CLANG_WARN_NON_LITERAL_NULL_CONVERSION = YES;
				CLANG_WARN_OBJC_LITERAL_CONVERSION = YES;
				CLANG_WARN_OBJC_ROOT_CLASS = YES_ERROR;
				CLANG_WARN_RANGE_LOOP_ANALYSIS = YES;
				CLANG_WARN_STRICT_PROTOTYPES = YES;
				CLANG_WARN_SUSPICIOUS_MOVE = YES;
				CLANG_WARN_UNGUARDED_AVAILABILITY = YES_AGGRESSIVE;
				CLANG_WARN_UNREACHABLE_CODE = YES;
				CLANG_WARN__DUPLICATE_METHOD_MATCH = YES;
				CODE_SIGN_IDENTITY = "-";
				COPY_PHASE_STRIP = NO;
				DEBUG_INFORMATION_FORMAT = dwarf;
				ENABLE_STRICT_OBJC_MSGSEND = YES;
				ENABLE_TESTABILITY = YES;
				GCC_C_LANGUAGE_STANDARD = gnu11;
				GCC_DYNAMIC_NO_PIC = NO;
				GCC_NO_COMMON_BLOCKS = YES;
				GCC_OPTIMIZATION_LEVEL = 0;
				GCC_PREPROCESSOR_DEFINITIONS = (
					"DEBUG=1",
					"$(inherited)",
				);
				GCC_WARN_64_TO_32_BIT_CONVERSION = YES;
				GCC_WARN_ABOUT_RETURN_TYPE = YES_ERROR;
				GCC_WARN_UNDECLARED_SELECTOR = YES;
				GCC_WARN_UNINITIALIZED_AUTOS = YES_AGGRESSIVE;
				GCC_WARN_UNUSED_FUNCTION = YES;
				GCC_WARN_UNUSED_VARIABLE = YES;
				MACOSX_DEPLOYMENT_TARGET = 10.12;
				MTL_ENABLE_DEBUG_INFO = YES;
				ONLY_ACTIVE_ARCH = YES;
				SDKROOT = macosx;
				SWIFT_ACTIVE_COMPILATION_CONDITIONS = DEBUG;
				SWIFT_OPTIMIZATION_LEVEL = "-Onone";
			};
			name = Debug;
		};
		2FD2BAF31F7C9C63004B0BB0 /* Release */ = {
			isa = XCBuildConfiguration;
			buildSettings = {
				ALWAYS_SEARCH_USER_PATHS = NO;
				CLANG_ANALYZER_NONNULL = YES;
				CLANG_ANALYZER_NUMBER_OBJECT_CONVERSION = YES_AGGRESSIVE;
				CLANG_CXX_LANGUAGE_STANDARD = "gnu++14";
				CLANG_CXX_LIBRARY = "libc++";
				CLANG_ENABLE_MODULES = YES;
				CLANG_ENABLE_OBJC_ARC = YES;
				CLANG_WARN_BLOCK_CAPTURE_AUTORELEASING = YES;
				CLANG_WARN_BOOL_CONVERSION = YES;
				CLANG_WARN_COMMA = YES;
				CLANG_WARN_CONSTANT_CONVERSION = YES;
				CLANG_WARN_DIRECT_OBJC_ISA_USAGE = YES_ERROR;
				CLANG_WARN_DOCUMENTATION_COMMENTS = YES;
				CLANG_WARN_EMPTY_BODY = YES;
				CLANG_WARN_ENUM_CONVERSION = YES;
				CLANG_WARN_INFINITE_RECURSION = YES;
				CLANG_WARN_INT_CONVERSION = YES;
				CLANG_WARN_NON_LITERAL_NULL_CONVERSION = YES;
				CLANG_WARN_OBJC_LITERAL_CONVERSION = YES;
				CLANG_WARN_OBJC_ROOT_CLASS = YES_ERROR;
				CLANG_WARN_RANGE_LOOP_ANALYSIS = YES;
				CLANG_WARN_STRICT_PROTOTYPES = YES;
				CLANG_WARN_SUSPICIOUS_MOVE = YES;
				CLANG_WARN_UNGUARDED_AVAILABILITY = YES_AGGRESSIVE;
				CLANG_WARN_UNREACHABLE_CODE = YES;
				CLANG_WARN__DUPLICATE_METHOD_MATCH = YES;
				CODE_SIGN_IDENTITY = "-";
				COPY_PHASE_STRIP = NO;
				DEBUG_INFORMATION_FORMAT = "dwarf-with-dsym";
				ENABLE_NS_ASSERTIONS = NO;
				ENABLE_STRICT_OBJC_MSGSEND = YES;
				GCC_C_LANGUAGE_STANDARD = gnu11;
				GCC_NO_COMMON_BLOCKS = YES;
				GCC_WARN_64_TO_32_BIT_CONVERSION = YES;
				GCC_WARN_ABOUT_RETURN_TYPE = YES_ERROR;
				GCC_WARN_UNDECLARED_SELECTOR = YES;
				GCC_WARN_UNINITIALIZED_AUTOS = YES_AGGRESSIVE;
				GCC_WARN_UNUSED_FUNCTION = YES;
				GCC_WARN_UNUSED_VARIABLE = YES;
				MACOSX_DEPLOYMENT_TARGET = 10.12;
				MTL_ENABLE_DEBUG_INFO = NO;
				SDKROOT = macosx;
				SWIFT_OPTIMIZATION_LEVEL = "-Owholemodule";
			};
			name = Release;
		};
		2FD2BAF51F7C9C63004B0BB0 /* Debug */ = {
			isa = XCBuildConfiguration;
			buildSettings = {
				ASSETCATALOG_COMPILER_APPICON_NAME = AppIcon;
				CODE_SIGN_ENTITLEMENTS = "Gregs Button/Gregs_Button.entitlements";
				CODE_SIGN_STYLE = Automatic;
				COMBINE_HIDPI_IMAGES = YES;
				INFOPLIST_FILE = "Gregs Button/Info.plist";
				LD_RUNPATH_SEARCH_PATHS = "$(inherited) @executable_path/../Frameworks";
				PRODUCT_BUNDLE_IDENTIFIER = "L-N-STEM-Academy.Gregs-Button";
				PRODUCT_NAME = "$(TARGET_NAME)";
				SWIFT_VERSION = 4.0;
			};
			name = Debug;
		};
		2FD2BAF61F7C9C63004B0BB0 /* Release */ = {
			isa = XCBuildConfiguration;
			buildSettings = {
				ASSETCATALOG_COMPILER_APPICON_NAME = AppIcon;
				CODE_SIGN_ENTITLEMENTS = "Gregs Button/Gregs_Button.entitlements";
				CODE_SIGN_STYLE = Automatic;
				COMBINE_HIDPI_IMAGES = YES;
				INFOPLIST_FILE = "Gregs Button/Info.plist";
				LD_RUNPATH_SEARCH_PATHS = "$(inherited) @executable_path/../Frameworks";
				PRODUCT_BUNDLE_IDENTIFIER = "L-N-STEM-Academy.Gregs-Button";
				PRODUCT_NAME = "$(TARGET_NAME)";
				SWIFT_VERSION = 4.0;
			};
			name = Release;
		};
		2FD2BAF81F7C9C63004B0BB0 /* Debug */ = {
			isa = XCBuildConfiguration;
			buildSettings = {
				ALWAYS_EMBED_SWIFT_STANDARD_LIBRARIES = YES;
				BUNDLE_LOADER = "$(TEST_HOST)";
				CODE_SIGN_STYLE = Automatic;
				COMBINE_HIDPI_IMAGES = YES;
				INFOPLIST_FILE = "Gregs ButtonTests/Info.plist";
				LD_RUNPATH_SEARCH_PATHS = "$(inherited) @executable_path/../Frameworks @loader_path/../Frameworks";
				PRODUCT_BUNDLE_IDENTIFIER = "L-N-STEM-Academy.Gregs-ButtonTests";
				PRODUCT_NAME = "$(TARGET_NAME)";
				SWIFT_VERSION = 4.0;
				TEST_HOST = "$(BUILT_PRODUCTS_DIR)/Gregs Button.app/Contents/MacOS/Gregs Button";
			};
			name = Debug;
		};
		2FD2BAF91F7C9C63004B0BB0 /* Release */ = {
			isa = XCBuildConfiguration;
			buildSettings = {
				ALWAYS_EMBED_SWIFT_STANDARD_LIBRARIES = YES;
				BUNDLE_LOADER = "$(TEST_HOST)";
				CODE_SIGN_STYLE = Automatic;
				COMBINE_HIDPI_IMAGES = YES;
				INFOPLIST_FILE = "Gregs ButtonTests/Info.plist";
				LD_RUNPATH_SEARCH_PATHS = "$(inherited) @executable_path/../Frameworks @loader_path/../Frameworks";
				PRODUCT_BUNDLE_IDENTIFIER = "L-N-STEM-Academy.Gregs-ButtonTests";
				PRODUCT_NAME = "$(TARGET_NAME)";
				SWIFT_VERSION = 4.0;
				TEST_HOST = "$(BUILT_PRODUCTS_DIR)/Gregs Button.app/Contents/MacOS/Gregs Button";
			};
			name = Release;
		};
		2FD2BAFB1F7C9C63004B0BB0 /* Debug */ = {
			isa = XCBuildConfiguration;
			buildSettings = {
				ALWAYS_EMBED_SWIFT_STANDARD_LIBRARIES = YES;
				CODE_SIGN_STYLE = Automatic;
				COMBINE_HIDPI_IMAGES = YES;
				INFOPLIST_FILE = "Gregs ButtonUITests/Info.plist";
				LD_RUNPATH_SEARCH_PATHS = "$(inherited) @executable_path/../Frameworks @loader_path/../Frameworks";
				PRODUCT_BUNDLE_IDENTIFIER = "L-N-STEM-Academy.Gregs-ButtonUITests";
				PRODUCT_NAME = "$(TARGET_NAME)";
				SWIFT_VERSION = 4.0;
				TEST_TARGET_NAME = "Gregs Button";
			};
			name = Debug;
		};
		2FD2BAFC1F7C9C63004B0BB0 /* Release */ = {
			isa = XCBuildConfiguration;
			buildSettings = {
				ALWAYS_EMBED_SWIFT_STANDARD_LIBRARIES = YES;
				CODE_SIGN_STYLE = Automatic;
				COMBINE_HIDPI_IMAGES = YES;
				INFOPLIST_FILE = "Gregs ButtonUITests/Info.plist";
				LD_RUNPATH_SEARCH_PATHS = "$(inherited) @executable_path/../Frameworks @loader_path/../Frameworks";
				PRODUCT_BUNDLE_IDENTIFIER = "L-N-STEM-Academy.Gregs-ButtonUITests";
				PRODUCT_NAME = "$(TARGET_NAME)";
				SWIFT_VERSION = 4.0;
				TEST_TARGET_NAME = "Gregs Button";
			};
			name = Release;
		};
/* End XCBuildConfiguration section */

/* Begin XCConfigurationList section */
		2FD2BAC91F7C9C63004B0BB0 /* Build configuration list for PBXProject "Gregs Button" */ = {
			isa = XCConfigurationList;
			buildConfigurations = (
				2FD2BAF21F7C9C63004B0BB0 /* Debug */,
				2FD2BAF31F7C9C63004B0BB0 /* Release */,
			);
			defaultConfigurationIsVisible = 0;
			defaultConfigurationName = Release;
		};
		2FD2BAF41F7C9C63004B0BB0 /* Build configuration list for PBXNativeTarget "Gregs Button" */ = {
			isa = XCConfigurationList;
			buildConfigurations = (
				2FD2BAF51F7C9C63004B0BB0 /* Debug */,
				2FD2BAF61F7C9C63004B0BB0 /* Release */,
			);
			defaultConfigurationIsVisible = 0;
			defaultConfigurationName = Release;
		};
		2FD2BAF71F7C9C63004B0BB0 /* Build configuration list for PBXNativeTarget "Gregs ButtonTests" */ = {
			isa = XCConfigurationList;
			buildConfigurations = (
				2FD2BAF81F7C9C63004B0BB0 /* Debug */,
				2FD2BAF91F7C9C63004B0BB0 /* Release */,
			);
			defaultConfigurationIsVisible = 0;
			defaultConfigurationName = Release;
		};
		2FD2BAFA1F7C9C63004B0BB0 /* Build configuration list for PBXNativeTarget "Gregs ButtonUITests" */ = {
			isa = XCConfigurationList;
			buildConfigurations = (
				2FD2BAFB1F7C9C63004B0BB0 /* Debug */,
				2FD2BAFC1F7C9C63004B0BB0 /* Release */,
			);
			defaultConfigurationIsVisible = 0;
			defaultConfigurationName = Release;
		};
/* End XCConfigurationList section */
	};
	rootObject = 2FD2BAC61F7C9C63004B0BB0 /* Project object */;
}
