// !$*UTF8*$!
{
	archiveVersion = 1;
	classes = {
	};
	objectVersion = 46;
	objects = {

/* Begin PBXBuildFile section */
		2F6D5C091EF70B1B00042D08 /* AppDelegate.swift in Sources */ = {isa = PBXBuildFile; fileRef = 2F6D5C081EF70B1B00042D08 /* AppDelegate.swift */; };
		2F6D5C0B1EF70B1B00042D08 /* ViewController.swift in Sources */ = {isa = PBXBuildFile; fileRef = 2F6D5C0A1EF70B1B00042D08 /* ViewController.swift */; };
		2F6D5C0E1EF70B1B00042D08 /* Main.storyboard in Resources */ = {isa = PBXBuildFile; fileRef = 2F6D5C0C1EF70B1B00042D08 /* Main.storyboard */; };
		2F6D5C101EF70B1B00042D08 /* Assets.xcassets in Resources */ = {isa = PBXBuildFile; fileRef = 2F6D5C0F1EF70B1B00042D08 /* Assets.xcassets */; };
		2F6D5C131EF70B1B00042D08 /* LaunchScreen.storyboard in Resources */ = {isa = PBXBuildFile; fileRef = 2F6D5C111EF70B1B00042D08 /* LaunchScreen.storyboard */; };
		2F6D5C1E1EF70B1B00042D08 /* First_IOS_AppTests.swift in Sources */ = {isa = PBXBuildFile; fileRef = 2F6D5C1D1EF70B1B00042D08 /* First_IOS_AppTests.swift */; };
/* End PBXBuildFile section */

/* Begin PBXContainerItemProxy section */
		2F6D5C1A1EF70B1B00042D08 /* PBXContainerItemProxy */ = {
			isa = PBXContainerItemProxy;
			containerPortal = 2F6D5BFD1EF70B1B00042D08 /* Project object */;
			proxyType = 1;
			remoteGlobalIDString = 2F6D5C041EF70B1B00042D08;
			remoteInfo = "First IOS App";
		};
		2F6D5C251EF70B1B00042D08 /* PBXContainerItemProxy */ = {
			isa = PBXContainerItemProxy;
			containerPortal = 2F6D5BFD1EF70B1B00042D08 /* Project object */;
			proxyType = 1;
			remoteGlobalIDString = 2F6D5C041EF70B1B00042D08;
			remoteInfo = "First IOS App";
		};
/* End PBXContainerItemProxy section */

/* Begin PBXFileReference section */
		2F6D5C051EF70B1B00042D08 /* First IOS App.app */ = {isa = PBXFileReference; explicitFileType = wrapper.application; includeInIndex = 0; path = "First IOS App.app"; sourceTree = BUILT_PRODUCTS_DIR; };
		2F6D5C081EF70B1B00042D08 /* AppDelegate.swift */ = {isa = PBXFileReference; lastKnownFileType = sourcecode.swift; path = AppDelegate.swift; sourceTree = "<group>"; };
		2F6D5C0A1EF70B1B00042D08 /* ViewController.swift */ = {isa = PBXFileReference; lastKnownFileType = sourcecode.swift; path = ViewController.swift; sourceTree = "<group>"; };
		2F6D5C0D1EF70B1B00042D08 /* Base */ = {isa = PBXFileReference; lastKnownFileType = file.storyboard; name = Base; path = Base.lproj/Main.storyboard; sourceTree = "<group>"; };
		2F6D5C0F1EF70B1B00042D08 /* Assets.xcassets */ = {isa = PBXFileReference; lastKnownFileType = folder.assetcatalog; path = Assets.xcassets; sourceTree = "<group>"; };
		2F6D5C121EF70B1B00042D08 /* Base */ = {isa = PBXFileReference; lastKnownFileType = file.storyboard; name = Base; path = Base.lproj/LaunchScreen.storyboard; sourceTree = "<group>"; };
		2F6D5C141EF70B1B00042D08 /* Info.plist */ = {isa = PBXFileReference; lastKnownFileType = text.plist.xml; path = Info.plist; sourceTree = "<group>"; };
		2F6D5C191EF70B1B00042D08 /* First IOS AppTests.xctest */ = {isa = PBXFileReference; explicitFileType = wrapper.cfbundle; includeInIndex = 0; path = "First IOS AppTests.xctest"; sourceTree = BUILT_PRODUCTS_DIR; };
		2F6D5C1D1EF70B1B00042D08 /* First_IOS_AppTests.swift */ = {isa = PBXFileReference; lastKnownFileType = sourcecode.swift; path = First_IOS_AppTests.swift; sourceTree = "<group>"; };
		2F6D5C1F1EF70B1B00042D08 /* Info.plist */ = {isa = PBXFileReference; lastKnownFileType = text.plist.xml; path = Info.plist; sourceTree = "<group>"; };
		2F6D5C241EF70B1B00042D08 /* First IOS AppUITests.xctest */ = {isa = PBXFileReference; explicitFileType = wrapper.cfbundle; includeInIndex = 0; path = "First IOS AppUITests.xctest"; sourceTree = BUILT_PRODUCTS_DIR; };
/* End PBXFileReference section */

/* Begin PBXFrameworksBuildPhase section */
		2F6D5C021EF70B1B00042D08 /* Frameworks */ = {
			isa = PBXFrameworksBuildPhase;
			buildActionMask = 2147483647;
			files = (
			);
			runOnlyForDeploymentPostprocessing = 0;
		};
		2F6D5C161EF70B1B00042D08 /* Frameworks */ = {
			isa = PBXFrameworksBuildPhase;
			buildActionMask = 2147483647;
			files = (
			);
			runOnlyForDeploymentPostprocessing = 0;
		};
		2F6D5C211EF70B1B00042D08 /* Frameworks */ = {
			isa = PBXFrameworksBuildPhase;
			buildActionMask = 2147483647;
			files = (
			);
			runOnlyForDeploymentPostprocessing = 0;
		};
/* End PBXFrameworksBuildPhase section */

/* Begin PBXGroup section */
		2F6D5BFC1EF70B1B00042D08 = {
			isa = PBXGroup;
			children = (
				2F6D5C071EF70B1B00042D08 /* First IOS App */,
				2F6D5C1C1EF70B1B00042D08 /* First IOS AppTests */,
				2F6D5C061EF70B1B00042D08 /* Products */,
			);
			sourceTree = "<group>";
		};
		2F6D5C061EF70B1B00042D08 /* Products */ = {
			isa = PBXGroup;
			children = (
				2F6D5C051EF70B1B00042D08 /* First IOS App.app */,
				2F6D5C191EF70B1B00042D08 /* First IOS AppTests.xctest */,
				2F6D5C241EF70B1B00042D08 /* First IOS AppUITests.xctest */,
			);
			name = Products;
			sourceTree = "<group>";
		};
		2F6D5C071EF70B1B00042D08 /* First IOS App */ = {
			isa = PBXGroup;
			children = (
				2F6D5C081EF70B1B00042D08 /* AppDelegate.swift */,
				2F6D5C0A1EF70B1B00042D08 /* ViewController.swift */,
				2F6D5C0C1EF70B1B00042D08 /* Main.storyboard */,
				2F6D5C0F1EF70B1B00042D08 /* Assets.xcassets */,
				2F6D5C111EF70B1B00042D08 /* LaunchScreen.storyboard */,
				2F6D5C141EF70B1B00042D08 /* Info.plist */,
			);
			path = "First IOS App";
			sourceTree = "<group>";
		};
		2F6D5C1C1EF70B1B00042D08 /* First IOS AppTests */ = {
			isa = PBXGroup;
			children = (
				2F6D5C1D1EF70B1B00042D08 /* First_IOS_AppTests.swift */,
				2F6D5C1F1EF70B1B00042D08 /* Info.plist */,
			);
			path = "First IOS AppTests";
			sourceTree = "<group>";
		};
/* End PBXGroup section */

/* Begin PBXNativeTarget section */
		2F6D5C041EF70B1B00042D08 /* First IOS App */ = {
			isa = PBXNativeTarget;
			buildConfigurationList = 2F6D5C2D1EF70B1B00042D08 /* Build configuration list for PBXNativeTarget "First IOS App" */;
			buildPhases = (
				2F6D5C011EF70B1B00042D08 /* Sources */,
				2F6D5C021EF70B1B00042D08 /* Frameworks */,
				2F6D5C031EF70B1B00042D08 /* Resources */,
			);
			buildRules = (
			);
			dependencies = (
			);
			name = "First IOS App";
			productName = "First IOS App";
			productReference = 2F6D5C051EF70B1B00042D08 /* First IOS App.app */;
			productType = "com.apple.product-type.application";
		};
		2F6D5C181EF70B1B00042D08 /* First IOS AppTests */ = {
			isa = PBXNativeTarget;
			buildConfigurationList = 2F6D5C301EF70B1B00042D08 /* Build configuration list for PBXNativeTarget "First IOS AppTests" */;
			buildPhases = (
				2F6D5C151EF70B1B00042D08 /* Sources */,
				2F6D5C161EF70B1B00042D08 /* Frameworks */,
				2F6D5C171EF70B1B00042D08 /* Resources */,
			);
			buildRules = (
			);
			dependencies = (
				2F6D5C1B1EF70B1B00042D08 /* PBXTargetDependency */,
			);
			name = "First IOS AppTests";
			productName = "First IOS AppTests";
			productReference = 2F6D5C191EF70B1B00042D08 /* First IOS AppTests.xctest */;
			productType = "com.apple.product-type.bundle.unit-test";
		};
		2F6D5C231EF70B1B00042D08 /* First IOS AppUITests */ = {
			isa = PBXNativeTarget;
			buildConfigurationList = 2F6D5C331EF70B1B00042D08 /* Build configuration list for PBXNativeTarget "First IOS AppUITests" */;
			buildPhases = (
				2F6D5C201EF70B1B00042D08 /* Sources */,
				2F6D5C211EF70B1B00042D08 /* Frameworks */,
				2F6D5C221EF70B1B00042D08 /* Resources */,
			);
			buildRules = (
			);
			dependencies = (
				2F6D5C261EF70B1B00042D08 /* PBXTargetDependency */,
			);
			name = "First IOS AppUITests";
			productName = "First IOS AppUITests";
			productReference = 2F6D5C241EF70B1B00042D08 /* First IOS AppUITests.xctest */;
			productType = "com.apple.product-type.bundle.ui-testing";
		};
/* End PBXNativeTarget section */

/* Begin PBXProject section */
		2F6D5BFD1EF70B1B00042D08 /* Project object */ = {
			isa = PBXProject;
			attributes = {
				LastSwiftUpdateCheck = 0820;
				LastUpgradeCheck = 0820;
				ORGANIZATIONNAME = "Edmond Ceausu";
				TargetAttributes = {
					2F6D5C041EF70B1B00042D08 = {
						CreatedOnToolsVersion = 8.2.1;
						ProvisioningStyle = Automatic;
					};
					2F6D5C181EF70B1B00042D08 = {
						CreatedOnToolsVersion = 8.2.1;
						ProvisioningStyle = Automatic;
						TestTargetID = 2F6D5C041EF70B1B00042D08;
					};
					2F6D5C231EF70B1B00042D08 = {
						CreatedOnToolsVersion = 8.2.1;
						ProvisioningStyle = Automatic;
						TestTargetID = 2F6D5C041EF70B1B00042D08;
					};
				};
			};
			buildConfigurationList = 2F6D5C001EF70B1B00042D08 /* Build configuration list for PBXProject "First IOS App" */;
			compatibilityVersion = "Xcode 3.2";
			developmentRegion = English;
			hasScannedForEncodings = 0;
			knownRegions = (
				en,
				Base,
			);
			mainGroup = 2F6D5BFC1EF70B1B00042D08;
			productRefGroup = 2F6D5C061EF70B1B00042D08 /* Products */;
			projectDirPath = "";
			projectRoot = "";
			targets = (
				2F6D5C041EF70B1B00042D08 /* First IOS App */,
				2F6D5C181EF70B1B00042D08 /* First IOS AppTests */,
				2F6D5C231EF70B1B00042D08 /* First IOS AppUITests */,
			);
		};
/* End PBXProject section */

/* Begin PBXResourcesBuildPhase section */
		2F6D5C031EF70B1B00042D08 /* Resources */ = {
			isa = PBXResourcesBuildPhase;
			buildActionMask = 2147483647;
			files = (
				2F6D5C131EF70B1B00042D08 /* LaunchScreen.storyboard in Resources */,
				2F6D5C101EF70B1B00042D08 /* Assets.xcassets in Resources */,
				2F6D5C0E1EF70B1B00042D08 /* Main.storyboard in Resources */,
			);
			runOnlyForDeploymentPostprocessing = 0;
		};
		2F6D5C171EF70B1B00042D08 /* Resources */ = {
			isa = PBXResourcesBuildPhase;
			buildActionMask = 2147483647;
			files = (
			);
			runOnlyForDeploymentPostprocessing = 0;
		};
		2F6D5C221EF70B1B00042D08 /* Resources */ = {
			isa = PBXResourcesBuildPhase;
			buildActionMask = 2147483647;
			files = (
			);
			runOnlyForDeploymentPostprocessing = 0;
		};
/* End PBXResourcesBuildPhase section */

/* Begin PBXSourcesBuildPhase section */
		2F6D5C011EF70B1B00042D08 /* Sources */ = {
			isa = PBXSourcesBuildPhase;
			buildActionMask = 2147483647;
			files = (
				2F6D5C0B1EF70B1B00042D08 /* ViewController.swift in Sources */,
				2F6D5C091EF70B1B00042D08 /* AppDelegate.swift in Sources */,
			);
			runOnlyForDeploymentPostprocessing = 0;
		};
		2F6D5C151EF70B1B00042D08 /* Sources */ = {
			isa = PBXSourcesBuildPhase;
			buildActionMask = 2147483647;
			files = (
				2F6D5C1E1EF70B1B00042D08 /* First_IOS_AppTests.swift in Sources */,
			);
			runOnlyForDeploymentPostprocessing = 0;
		};
		2F6D5C201EF70B1B00042D08 /* Sources */ = {
			isa = PBXSourcesBuildPhase;
			buildActionMask = 2147483647;
			files = (
			);
			runOnlyForDeploymentPostprocessing = 0;
		};
/* End PBXSourcesBuildPhase section */

/* Begin PBXTargetDependency section */
		2F6D5C1B1EF70B1B00042D08 /* PBXTargetDependency */ = {
			isa = PBXTargetDependency;
			target = 2F6D5C041EF70B1B00042D08 /* First IOS App */;
			targetProxy = 2F6D5C1A1EF70B1B00042D08 /* PBXContainerItemProxy */;
		};
		2F6D5C261EF70B1B00042D08 /* PBXTargetDependency */ = {
			isa = PBXTargetDependency;
			target = 2F6D5C041EF70B1B00042D08 /* First IOS App */;
			targetProxy = 2F6D5C251EF70B1B00042D08 /* PBXContainerItemProxy */;
		};
/* End PBXTargetDependency section */

/* Begin PBXVariantGroup section */
		2F6D5C0C1EF70B1B00042D08 /* Main.storyboard */ = {
			isa = PBXVariantGroup;
			children = (
				2F6D5C0D1EF70B1B00042D08 /* Base */,
			);
			name = Main.storyboard;
			sourceTree = "<group>";
		};
		2F6D5C111EF70B1B00042D08 /* LaunchScreen.storyboard */ = {
			isa = PBXVariantGroup;
			children = (
				2F6D5C121EF70B1B00042D08 /* Base */,
			);
			name = LaunchScreen.storyboard;
			sourceTree = "<group>";
		};
/* End PBXVariantGroup section */

/* Begin XCBuildConfiguration section */
		2F6D5C2B1EF70B1B00042D08 /* Debug */ = {
			isa = XCBuildConfiguration;
			buildSettings = {
				ALWAYS_SEARCH_USER_PATHS = NO;
				CLANG_ANALYZER_NONNULL = YES;
				CLANG_CXX_LANGUAGE_STANDARD = "gnu++0x";
				CLANG_CXX_LIBRARY = "libc++";
				CLANG_ENABLE_MODULES = YES;
				CLANG_ENABLE_OBJC_ARC = YES;
				CLANG_WARN_BOOL_CONVERSION = YES;
				CLANG_WARN_CONSTANT_CONVERSION = YES;
				CLANG_WARN_DIRECT_OBJC_ISA_USAGE = YES_ERROR;
				CLANG_WARN_DOCUMENTATION_COMMENTS = YES;
				CLANG_WARN_EMPTY_BODY = YES;
				CLANG_WARN_ENUM_CONVERSION = YES;
				CLANG_WARN_INFINITE_RECURSION = YES;
				CLANG_WARN_INT_CONVERSION = YES;
				CLANG_WARN_OBJC_ROOT_CLASS = YES_ERROR;
				CLANG_WARN_SUSPICIOUS_MOVE = YES;
				CLANG_WARN_UNREACHABLE_CODE = YES;
				CLANG_WARN__DUPLICATE_METHOD_MATCH = YES;
				"CODE_SIGN_IDENTITY[sdk=iphoneos*]" = "iPhone Developer";
				COPY_PHASE_STRIP = NO;
				DEBUG_INFORMATION_FORMAT = dwarf;
				ENABLE_STRICT_OBJC_MSGSEND = YES;
				ENABLE_TESTABILITY = YES;
				GCC_C_LANGUAGE_STANDARD = gnu99;
				GCC_DYNAMIC_NO_PIC = NO;
				GCC_NO_COMMON_BLOCKS = YES;
				GCC_OPTIMIZATION_LEVEL = 0;
				GCC_PREPROCESSOR_DEFINITIONS = (
					"DEBUG=1",
					"$(inherited)",
				);
				GCC_WARN_64_TO_32_BIT_CONVERSION = YES;
				GCC_WARN_ABOUT_RETURN_TYPE = YES_ERROR;
				GCC_WARN_UNDECLARED_SELECTOR = YES;
				GCC_WARN_UNINITIALIZED_AUTOS = YES_AGGRESSIVE;
				GCC_WARN_UNUSED_FUNCTION = YES;
				GCC_WARN_UNUSED_VARIABLE = YES;
				IPHONEOS_DEPLOYMENT_TARGET = 10.2;
				MTL_ENABLE_DEBUG_INFO = YES;
				ONLY_ACTIVE_ARCH = YES;
				SDKROOT = iphoneos;
				SWIFT_ACTIVE_COMPILATION_CONDITIONS = DEBUG;
				SWIFT_OPTIMIZATION_LEVEL = "-Onone";
				TARGETED_DEVICE_FAMILY = "1,2";
			};
			name = Debug;
		};
		2F6D5C2C1EF70B1B00042D08 /* Release */ = {
			isa = XCBuildConfiguration;
			buildSettings = {
				ALWAYS_SEARCH_USER_PATHS = NO;
				CLANG_ANALYZER_NONNULL = YES;
				CLANG_CXX_LANGUAGE_STANDARD = "gnu++0x";
				CLANG_CXX_LIBRARY = "libc++";
				CLANG_ENABLE_MODULES = YES;
				CLANG_ENABLE_OBJC_ARC = YES;
				CLANG_WARN_BOOL_CONVERSION = YES;
				CLANG_WARN_CONSTANT_CONVERSION = YES;
				CLANG_WARN_DIRECT_OBJC_ISA_USAGE = YES_ERROR;
				CLANG_WARN_DOCUMENTATION_COMMENTS = YES;
				CLANG_WARN_EMPTY_BODY = YES;
				CLANG_WARN_ENUM_CONVERSION = YES;
				CLANG_WARN_INFINITE_RECURSION = YES;
				CLANG_WARN_INT_CONVERSION = YES;
				CLANG_WARN_OBJC_ROOT_CLASS = YES_ERROR;
				CLANG_WARN_SUSPICIOUS_MOVE = YES;
				CLANG_WARN_UNREACHABLE_CODE = YES;
				CLANG_WARN__DUPLICATE_METHOD_MATCH = YES;
				"CODE_SIGN_IDENTITY[sdk=iphoneos*]" = "iPhone Developer";
				COPY_PHASE_STRIP = NO;
				DEBUG_INFORMATION_FORMAT = "dwarf-with-dsym";
				ENABLE_NS_ASSERTIONS = NO;
				ENABLE_STRICT_OBJC_MSGSEND = YES;
				GCC_C_LANGUAGE_STANDARD = gnu99;
				GCC_NO_COMMON_BLOCKS = YES;
				GCC_WARN_64_TO_32_BIT_CONVERSION = YES;
				GCC_WARN_ABOUT_RETURN_TYPE = YES_ERROR;
				GCC_WARN_UNDECLARED_SELECTOR = YES;
				GCC_WARN_UNINITIALIZED_AUTOS = YES_AGGRESSIVE;
				GCC_WARN_UNUSED_FUNCTION = YES;
				GCC_WARN_UNUSED_VARIABLE = YES;
				IPHONEOS_DEPLOYMENT_TARGET = 10.2;
				MTL_ENABLE_DEBUG_INFO = NO;
				SDKROOT = iphoneos;
				SWIFT_OPTIMIZATION_LEVEL = "-Owholemodule";
				TARGETED_DEVICE_FAMILY = "1,2";
				VALIDATE_PRODUCT = YES;
			};
			name = Release;
		};
		2F6D5C2E1EF70B1B00042D08 /* Debug */ = {
			isa = XCBuildConfiguration;
			buildSettings = {
				ASSETCATALOG_COMPILER_APPICON_NAME = AppIcon;
				INFOPLIST_FILE = "First IOS App/Info.plist";
				LD_RUNPATH_SEARCH_PATHS = "$(inherited) @executable_path/Frameworks";
				PRODUCT_BUNDLE_IDENTIFIER = "L-N-STEM-Academy.First-IOS-App";
				PRODUCT_NAME = "$(TARGET_NAME)";
				SWIFT_VERSION = 3.0;
			};
			name = Debug;
		};
		2F6D5C2F1EF70B1B00042D08 /* Release */ = {
			isa = XCBuildConfiguration;
			buildSettings = {
				ASSETCATALOG_COMPILER_APPICON_NAME = AppIcon;
				INFOPLIST_FILE = "First IOS App/Info.plist";
				LD_RUNPATH_SEARCH_PATHS = "$(inherited) @executable_path/Frameworks";
				PRODUCT_BUNDLE_IDENTIFIER = "L-N-STEM-Academy.First-IOS-App";
				PRODUCT_NAME = "$(TARGET_NAME)";
				SWIFT_VERSION = 3.0;
			};
			name = Release;
		};
		2F6D5C311EF70B1B00042D08 /* Debug */ = {
			isa = XCBuildConfiguration;
			buildSettings = {
				ALWAYS_EMBED_SWIFT_STANDARD_LIBRARIES = YES;
				BUNDLE_LOADER = "$(TEST_HOST)";
				INFOPLIST_FILE = "First IOS AppTests/Info.plist";
				LD_RUNPATH_SEARCH_PATHS = "$(inherited) @executable_path/Frameworks @loader_path/Frameworks";
				PRODUCT_BUNDLE_IDENTIFIER = "L-N-STEM-Academy.First-IOS-AppTests";
				PRODUCT_NAME = "$(TARGET_NAME)";
				SWIFT_VERSION = 3.0;
				TEST_HOST = "$(BUILT_PRODUCTS_DIR)/First IOS App.app/First IOS App";
			};
			name = Debug;
		};
		2F6D5C321EF70B1B00042D08 /* Release */ = {
			isa = XCBuildConfiguration;
			buildSettings = {
				ALWAYS_EMBED_SWIFT_STANDARD_LIBRARIES = YES;
				BUNDLE_LOADER = "$(TEST_HOST)";
				INFOPLIST_FILE = "First IOS AppTests/Info.plist";
				LD_RUNPATH_SEARCH_PATHS = "$(inherited) @executable_path/Frameworks @loader_path/Frameworks";
				PRODUCT_BUNDLE_IDENTIFIER = "L-N-STEM-Academy.First-IOS-AppTests";
				PRODUCT_NAME = "$(TARGET_NAME)";
				SWIFT_VERSION = 3.0;
				TEST_HOST = "$(BUILT_PRODUCTS_DIR)/First IOS App.app/First IOS App";
			};
			name = Release;
		};
		2F6D5C341EF70B1B00042D08 /* Debug */ = {
			isa = XCBuildConfiguration;
			buildSettings = {
				ALWAYS_EMBED_SWIFT_STANDARD_LIBRARIES = YES;
				INFOPLIST_FILE = "First IOS AppUITests/Info.plist";
				LD_RUNPATH_SEARCH_PATHS = "$(inherited) @executable_path/Frameworks @loader_path/Frameworks";
				PRODUCT_BUNDLE_IDENTIFIER = "L-N-STEM-Academy.First-IOS-AppUITests";
				PRODUCT_NAME = "$(TARGET_NAME)";
				SWIFT_VERSION = 3.0;
				TEST_TARGET_NAME = "First IOS App";
			};
			name = Debug;
		};
		2F6D5C351EF70B1B00042D08 /* Release */ = {
			isa = XCBuildConfiguration;
			buildSettings = {
				ALWAYS_EMBED_SWIFT_STANDARD_LIBRARIES = YES;
				INFOPLIST_FILE = "First IOS AppUITests/Info.plist";
				LD_RUNPATH_SEARCH_PATHS = "$(inherited) @executable_path/Frameworks @loader_path/Frameworks";
				PRODUCT_BUNDLE_IDENTIFIER = "L-N-STEM-Academy.First-IOS-AppUITests";
				PRODUCT_NAME = "$(TARGET_NAME)";
				SWIFT_VERSION = 3.0;
				TEST_TARGET_NAME = "First IOS App";
			};
			name = Release;
		};
/* End XCBuildConfiguration section */

/* Begin XCConfigurationList section */
		2F6D5C001EF70B1B00042D08 /* Build configuration list for PBXProject "First IOS App" */ = {
			isa = XCConfigurationList;
			buildConfigurations = (
				2F6D5C2B1EF70B1B00042D08 /* Debug */,
				2F6D5C2C1EF70B1B00042D08 /* Release */,
			);
			defaultConfigurationIsVisible = 0;
			defaultConfigurationName = Release;
		};
		2F6D5C2D1EF70B1B00042D08 /* Build configuration list for PBXNativeTarget "First IOS App" */ = {
			isa = XCConfigurationList;
			buildConfigurations = (
				2F6D5C2E1EF70B1B00042D08 /* Debug */,
				2F6D5C2F1EF70B1B00042D08 /* Release */,
			);
			defaultConfigurationIsVisible = 0;
			defaultConfigurationName = Release;
		};
		2F6D5C301EF70B1B00042D08 /* Build configuration list for PBXNativeTarget "First IOS AppTests" */ = {
			isa = XCConfigurationList;
			buildConfigurations = (
				2F6D5C311EF70B1B00042D08 /* Debug */,
				2F6D5C321EF70B1B00042D08 /* Release */,
			);
			defaultConfigurationIsVisible = 0;
			defaultConfigurationName = Release;
		};
		2F6D5C331EF70B1B00042D08 /* Build configuration list for PBXNativeTarget "First IOS AppUITests" */ = {
			isa = XCConfigurationList;
			buildConfigurations = (
				2F6D5C341EF70B1B00042D08 /* Debug */,
				2F6D5C351EF70B1B00042D08 /* Release */,
			);
			defaultConfigurationIsVisible = 0;
			defaultConfigurationName = Release;
		};
/* End XCConfigurationList section */
	};
	rootObject = 2F6D5BFD1EF70B1B00042D08 /* Project object */;
}
